
Microsoft Visual Studio Solution File, Format Version 12.00
# Visual Studio 15
VisualStudioVersion = 15.0.26510.0
MinimumVisualStudioVersion = 10.0.40219.1
Project("{9A19103F-16F7-4668-BE54-9A1E7A4F7556}") = "ExampleProject", "src\ExampleProject.csproj", "{515E77F3-1873-4418-883E-21BB57A0AC1D}"
EndProject
Project("{2150E333-8FDC-42A3-9474-1A3956D46DE8}") = "Solution Items", "Solution Items", "{36DE160A-7C19-4E72-B4BF-2275D53DBAB4}"
	ProjectSection(SolutionItems) = preProject
		.gitignore = .gitignore
		Dockerfile = Dockerfile
		LICENSE.md = LICENSE.md
		README.md = README.md
	EndProjectSection
EndProject
Global
	GlobalSection(SolutionConfigurationPlatforms) = preSolution
		Debug|Any CPU = Debug|Any CPU
		Release|Any CPU = Release|Any CPU
	EndGlobalSection
	GlobalSection(ProjectConfigurationPlatforms) = postSolution
		{515E77F3-1873-4418-883E-21BB57A0AC1D}.Debug|Any CPU.ActiveCfg = Debug|Any CPU
		{515E77F3-1873-4418-883E-21BB57A0AC1D}.Debug|Any CPU.Build.0 = Debug|Any CPU
		{515E77F3-1873-4418-883E-21BB57A0AC1D}.Release|Any CPU.ActiveCfg = Release|Any CPU
		{515E77F3-1873-4418-883E-21BB57A0AC1D}.Release|Any CPU.Build.0 = Release|Any CPU
	EndGlobalSection
	GlobalSection(SolutionProperties) = preSolution
		HideSolutionNode = FALSE
	EndGlobalSection
	GlobalSection(ExtensibilityGlobals) = postSolution
		SolutionGuid = {D6C564E1-D575-4B45-A6A0-4D794DBD0E53}
	EndGlobalSection
EndGlobal
